// !$*UTF8*$!
{
	archiveVersion = 1;
	classes = {
	};
	objectVersion = 46;
	objects = {

/* Begin PBXBuildFile section */
		652584311E1678F90047D225 /* AppDelegate.swift in Sources */ = {isa = PBXBuildFile; fileRef = 652584301E1678F90047D225 /* AppDelegate.swift */; };
		652584331E1678F90047D225 /* MainVC.swift in Sources */ = {isa = PBXBuildFile; fileRef = 652584321E1678F90047D225 /* MainVC.swift */; };
		652584361E1678F90047D225 /* Main.storyboard in Resources */ = {isa = PBXBuildFile; fileRef = 652584341E1678F90047D225 /* Main.storyboard */; };
		652584391E1678F90047D225 /* DreamLister.xcdatamodeld in Sources */ = {isa = PBXBuildFile; fileRef = 652584371E1678F90047D225 /* DreamLister.xcdatamodeld */; };
		6525843B1E1678F90047D225 /* Assets.xcassets in Resources */ = {isa = PBXBuildFile; fileRef = 6525843A1E1678F90047D225 /* Assets.xcassets */; };
		6525843E1E1678F90047D225 /* LaunchScreen.storyboard in Resources */ = {isa = PBXBuildFile; fileRef = 6525843C1E1678F90047D225 /* LaunchScreen.storyboard */; };
		6525846F1E168ACF0047D225 /* Store+CoreDataClass.swift in Sources */ = {isa = PBXBuildFile; fileRef = 652584671E168ACF0047D225 /* Store+CoreDataClass.swift */; };
		652584701E168ACF0047D225 /* Store+CoreDataProperties.swift in Sources */ = {isa = PBXBuildFile; fileRef = 652584681E168ACF0047D225 /* Store+CoreDataProperties.swift */; };
		652584711E168ACF0047D225 /* ItemType+CoreDataClass.swift in Sources */ = {isa = PBXBuildFile; fileRef = 652584691E168ACF0047D225 /* ItemType+CoreDataClass.swift */; };
		652584721E168ACF0047D225 /* ItemType+CoreDataProperties.swift in Sources */ = {isa = PBXBuildFile; fileRef = 6525846A1E168ACF0047D225 /* ItemType+CoreDataProperties.swift */; };
		652584731E168ACF0047D225 /* Image+CoreDataClass.swift in Sources */ = {isa = PBXBuildFile; fileRef = 6525846B1E168ACF0047D225 /* Image+CoreDataClass.swift */; };
		652584741E168ACF0047D225 /* Image+CoreDataProperties.swift in Sources */ = {isa = PBXBuildFile; fileRef = 6525846C1E168ACF0047D225 /* Image+CoreDataProperties.swift */; };
		652584751E168ACF0047D225 /* Item+CoreDataClass.swift in Sources */ = {isa = PBXBuildFile; fileRef = 6525846D1E168ACF0047D225 /* Item+CoreDataClass.swift */; };
		652584761E168ACF0047D225 /* Item+CoreDataProperties.swift in Sources */ = {isa = PBXBuildFile; fileRef = 6525846E1E168ACF0047D225 /* Item+CoreDataProperties.swift */; };
		652584791E1691D80047D225 /* MaterialView.swift in Sources */ = {isa = PBXBuildFile; fileRef = 652584781E1691D80047D225 /* MaterialView.swift */; };
		6537B31C1E16A33E0052BDD9 /* ItemCell.swift in Sources */ = {isa = PBXBuildFile; fileRef = 6537B31B1E16A33E0052BDD9 /* ItemCell.swift */; };
		6566071F1E1C2F2000F7FB16 /* Counter+CoreDataClass.swift in Sources */ = {isa = PBXBuildFile; fileRef = 6566071D1E1C2F2000F7FB16 /* Counter+CoreDataClass.swift */; };
		656607201E1C2F2000F7FB16 /* Counter+CoreDataProperties.swift in Sources */ = {isa = PBXBuildFile; fileRef = 6566071E1E1C2F2000F7FB16 /* Counter+CoreDataProperties.swift */; };
		659E62C41E199795004C0D04 /* ItemDetailsVCViewController.swift in Sources */ = {isa = PBXBuildFile; fileRef = 659E62C31E199795004C0D04 /* ItemDetailsVCViewController.swift */; };
		659E62C61E199F43004C0D04 /* CustomTextField.swift in Sources */ = {isa = PBXBuildFile; fileRef = 659E62C51E199F43004C0D04 /* CustomTextField.swift */; };
/* End PBXBuildFile section */

/* Begin PBXFileReference section */
		6525842D1E1678F90047D225 /* DreamLister.app */ = {isa = PBXFileReference; explicitFileType = wrapper.application; includeInIndex = 0; path = DreamLister.app; sourceTree = BUILT_PRODUCTS_DIR; };
		652584301E1678F90047D225 /* AppDelegate.swift */ = {isa = PBXFileReference; lastKnownFileType = sourcecode.swift; path = AppDelegate.swift; sourceTree = "<group>"; };
		652584321E1678F90047D225 /* MainVC.swift */ = {isa = PBXFileReference; lastKnownFileType = sourcecode.swift; path = MainVC.swift; sourceTree = "<group>"; };
		652584351E1678F90047D225 /* Base */ = {isa = PBXFileReference; lastKnownFileType = file.storyboard; name = Base; path = Base.lproj/Main.storyboard; sourceTree = "<group>"; };
		652584381E1678F90047D225 /* DreamLister.xcdatamodel */ = {isa = PBXFileReference; lastKnownFileType = wrapper.xcdatamodel; path = DreamLister.xcdatamodel; sourceTree = "<group>"; };
		6525843A1E1678F90047D225 /* Assets.xcassets */ = {isa = PBXFileReference; lastKnownFileType = folder.assetcatalog; path = Assets.xcassets; sourceTree = "<group>"; };
		6525843D1E1678F90047D225 /* Base */ = {isa = PBXFileReference; lastKnownFileType = file.storyboard; name = Base; path = Base.lproj/LaunchScreen.storyboard; sourceTree = "<group>"; };
		6525843F1E1678F90047D225 /* Info.plist */ = {isa = PBXFileReference; lastKnownFileType = text.plist.xml; path = Info.plist; sourceTree = "<group>"; };
		652584671E168ACF0047D225 /* Store+CoreDataClass.swift */ = {isa = PBXFileReference; fileEncoding = 4; lastKnownFileType = sourcecode.swift; path = "Store+CoreDataClass.swift"; sourceTree = "<group>"; };
		652584681E168ACF0047D225 /* Store+CoreDataProperties.swift */ = {isa = PBXFileReference; fileEncoding = 4; lastKnownFileType = sourcecode.swift; path = "Store+CoreDataProperties.swift"; sourceTree = "<group>"; };
		652584691E168ACF0047D225 /* ItemType+CoreDataClass.swift */ = {isa = PBXFileReference; fileEncoding = 4; lastKnownFileType = sourcecode.swift; path = "ItemType+CoreDataClass.swift"; sourceTree = "<group>"; };
		6525846A1E168ACF0047D225 /* ItemType+CoreDataProperties.swift */ = {isa = PBXFileReference; fileEncoding = 4; lastKnownFileType = sourcecode.swift; path = "ItemType+CoreDataProperties.swift"; sourceTree = "<group>"; };
		6525846B1E168ACF0047D225 /* Image+CoreDataClass.swift */ = {isa = PBXFileReference; fileEncoding = 4; lastKnownFileType = sourcecode.swift; path = "Image+CoreDataClass.swift"; sourceTree = "<group>"; };
		6525846C1E168ACF0047D225 /* Image+CoreDataProperties.swift */ = {isa = PBXFileReference; fileEncoding = 4; lastKnownFileType = sourcecode.swift; path = "Image+CoreDataProperties.swift"; sourceTree = "<group>"; };
		6525846D1E168ACF0047D225 /* Item+CoreDataClass.swift */ = {isa = PBXFileReference; fileEncoding = 4; lastKnownFileType = sourcecode.swift; path = "Item+CoreDataClass.swift"; sourceTree = "<group>"; };
		6525846E1E168ACF0047D225 /* Item+CoreDataProperties.swift */ = {isa = PBXFileReference; fileEncoding = 4; lastKnownFileType = sourcecode.swift; path = "Item+CoreDataProperties.swift"; sourceTree = "<group>"; };
		652584781E1691D80047D225 /* MaterialView.swift */ = {isa = PBXFileReference; fileEncoding = 4; lastKnownFileType = sourcecode.swift; path = MaterialView.swift; sourceTree = "<group>"; };
		6537B31B1E16A33E0052BDD9 /* ItemCell.swift */ = {isa = PBXFileReference; fileEncoding = 4; lastKnownFileType = sourcecode.swift; path = ItemCell.swift; sourceTree = "<group>"; };
		6566071D1E1C2F2000F7FB16 /* Counter+CoreDataClass.swift */ = {isa = PBXFileReference; fileEncoding = 4; lastKnownFileType = sourcecode.swift; name = "Counter+CoreDataClass.swift"; path = "../Counter+CoreDataClass.swift"; sourceTree = "<group>"; };
		6566071E1E1C2F2000F7FB16 /* Counter+CoreDataProperties.swift */ = {isa = PBXFileReference; fileEncoding = 4; lastKnownFileType = sourcecode.swift; name = "Counter+CoreDataProperties.swift"; path = "../Counter+CoreDataProperties.swift"; sourceTree = "<group>"; };
		659E62C31E199795004C0D04 /* ItemDetailsVCViewController.swift */ = {isa = PBXFileReference; fileEncoding = 4; lastKnownFileType = sourcecode.swift; path = ItemDetailsVCViewController.swift; sourceTree = "<group>"; };
		659E62C51E199F43004C0D04 /* CustomTextField.swift */ = {isa = PBXFileReference; fileEncoding = 4; lastKnownFileType = sourcecode.swift; path = CustomTextField.swift; sourceTree = "<group>"; };
/* End PBXFileReference section */

/* Begin PBXFrameworksBuildPhase section */
		6525842A1E1678F90047D225 /* Frameworks */ = {
			isa = PBXFrameworksBuildPhase;
			buildActionMask = 2147483647;
			files = (
			);
			runOnlyForDeploymentPostprocessing = 0;
		};
/* End PBXFrameworksBuildPhase section */

/* Begin PBXGroup section */
		652584241E1678F90047D225 = {
			isa = PBXGroup;
			children = (
				6525842F1E1678F90047D225 /* DreamLister */,
				6525842E1E1678F90047D225 /* Products */,
			);
			sourceTree = "<group>";
		};
		6525842E1E1678F90047D225 /* Products */ = {
			isa = PBXGroup;
			children = (
				6525842D1E1678F90047D225 /* DreamLister.app */,
			);
			name = Products;
			sourceTree = "<group>";
		};
		6525842F1E1678F90047D225 /* DreamLister */ = {
			isa = PBXGroup;
			children = (
				6537B31A1E16A3260052BDD9 /* Controller */,
				652584771E1691C40047D225 /* View */,
				652584551E1680D20047D225 /* Model */,
				652584301E1678F90047D225 /* AppDelegate.swift */,
				652584341E1678F90047D225 /* Main.storyboard */,
				6525843A1E1678F90047D225 /* Assets.xcassets */,
				6525843C1E1678F90047D225 /* LaunchScreen.storyboard */,
				6525843F1E1678F90047D225 /* Info.plist */,
				652584371E1678F90047D225 /* DreamLister.xcdatamodeld */,
			);
			path = DreamLister;
			sourceTree = "<group>";
		};
		652584551E1680D20047D225 /* Model */ = {
			isa = PBXGroup;
			children = (
				652584671E168ACF0047D225 /* Store+CoreDataClass.swift */,
				652584691E168ACF0047D225 /* ItemType+CoreDataClass.swift */,
				6566071D1E1C2F2000F7FB16 /* Counter+CoreDataClass.swift */,
				6525846B1E168ACF0047D225 /* Image+CoreDataClass.swift */,
				6525846D1E168ACF0047D225 /* Item+CoreDataClass.swift */,
				652584561E1680D60047D225 /* Generated */,
			);
			name = Model;
			sourceTree = "<group>";
		};
		652584561E1680D60047D225 /* Generated */ = {
			isa = PBXGroup;
			children = (
				6566071E1E1C2F2000F7FB16 /* Counter+CoreDataProperties.swift */,
				652584681E168ACF0047D225 /* Store+CoreDataProperties.swift */,
				6525846A1E168ACF0047D225 /* ItemType+CoreDataProperties.swift */,
				6525846C1E168ACF0047D225 /* Image+CoreDataProperties.swift */,
				6525846E1E168ACF0047D225 /* Item+CoreDataProperties.swift */,
			);
			name = Generated;
			sourceTree = "<group>";
		};
		652584771E1691C40047D225 /* View */ = {
			isa = PBXGroup;
			children = (
				659E62C51E199F43004C0D04 /* CustomTextField.swift */,
				652584781E1691D80047D225 /* MaterialView.swift */,
				6537B31B1E16A33E0052BDD9 /* ItemCell.swift */,
			);
			name = View;
			sourceTree = "<group>";
		};
		6537B31A1E16A3260052BDD9 /* Controller */ = {
			isa = PBXGroup;
			children = (
				652584321E1678F90047D225 /* MainVC.swift */,
				659E62C31E199795004C0D04 /* ItemDetailsVCViewController.swift */,
			);
			name = Controller;
			sourceTree = "<group>";
		};
/* End PBXGroup section */

/* Begin PBXNativeTarget section */
		6525842C1E1678F90047D225 /* DreamLister */ = {
			isa = PBXNativeTarget;
			buildConfigurationList = 652584421E1678F90047D225 /* Build configuration list for PBXNativeTarget "DreamLister" */;
			buildPhases = (
				652584291E1678F90047D225 /* Sources */,
				6525842A1E1678F90047D225 /* Frameworks */,
				6525842B1E1678F90047D225 /* Resources */,
			);
			buildRules = (
			);
			dependencies = (
			);
			name = DreamLister;
			productName = DreamLister;
			productReference = 6525842D1E1678F90047D225 /* DreamLister.app */;
			productType = "com.apple.product-type.application";
		};
/* End PBXNativeTarget section */

/* Begin PBXProject section */
		652584251E1678F90047D225 /* Project object */ = {
			isa = PBXProject;
			attributes = {
				LastSwiftUpdateCheck = 0820;
				LastUpgradeCheck = 0820;
				ORGANIZATIONNAME = "Pieter Kuijsten";
				TargetAttributes = {
					6525842C1E1678F90047D225 = {
						CreatedOnToolsVersion = 8.2.1;
						DevelopmentTeam = E6GFV94F2M;
						ProvisioningStyle = Automatic;
					};
				};
			};
			buildConfigurationList = 652584281E1678F90047D225 /* Build configuration list for PBXProject "DreamLister" */;
			compatibilityVersion = "Xcode 3.2";
			developmentRegion = English;
			hasScannedForEncodings = 0;
			knownRegions = (
				en,
				Base,
			);
			mainGroup = 652584241E1678F90047D225;
			productRefGroup = 6525842E1E1678F90047D225 /* Products */;
			projectDirPath = "";
			projectRoot = "";
			targets = (
				6525842C1E1678F90047D225 /* DreamLister */,
			);
		};
/* End PBXProject section */

/* Begin PBXResourcesBuildPhase section */
		6525842B1E1678F90047D225 /* Resources */ = {
			isa = PBXResourcesBuildPhase;
			buildActionMask = 2147483647;
			files = (
				6525843E1E1678F90047D225 /* LaunchScreen.storyboard in Resources */,
				6525843B1E1678F90047D225 /* Assets.xcassets in Resources */,
				652584361E1678F90047D225 /* Main.storyboard in Resources */,
			);
			runOnlyForDeploymentPostprocessing = 0;
		};
/* End PBXResourcesBuildPhase section */

/* Begin PBXSourcesBuildPhase section */
		652584291E1678F90047D225 /* Sources */ = {
			isa = PBXSourcesBuildPhase;
			buildActionMask = 2147483647;
			files = (
				652584751E168ACF0047D225 /* Item+CoreDataClass.swift in Sources */,
				6537B31C1E16A33E0052BDD9 /* ItemCell.swift in Sources */,
				652584741E168ACF0047D225 /* Image+CoreDataProperties.swift in Sources */,
				652584711E168ACF0047D225 /* ItemType+CoreDataClass.swift in Sources */,
				652584791E1691D80047D225 /* MaterialView.swift in Sources */,
				652584701E168ACF0047D225 /* Store+CoreDataProperties.swift in Sources */,
				652584331E1678F90047D225 /* MainVC.swift in Sources */,
				656607201E1C2F2000F7FB16 /* Counter+CoreDataProperties.swift in Sources */,
				652584731E168ACF0047D225 /* Image+CoreDataClass.swift in Sources */,
				6525846F1E168ACF0047D225 /* Store+CoreDataClass.swift in Sources */,
				659E62C41E199795004C0D04 /* ItemDetailsVCViewController.swift in Sources */,
				6566071F1E1C2F2000F7FB16 /* Counter+CoreDataClass.swift in Sources */,
				652584311E1678F90047D225 /* AppDelegate.swift in Sources */,
				652584721E168ACF0047D225 /* ItemType+CoreDataProperties.swift in Sources */,
				652584761E168ACF0047D225 /* Item+CoreDataProperties.swift in Sources */,
				652584391E1678F90047D225 /* DreamLister.xcdatamodeld in Sources */,
				659E62C61E199F43004C0D04 /* CustomTextField.swift in Sources */,
			);
			runOnlyForDeploymentPostprocessing = 0;
		};
/* End PBXSourcesBuildPhase section */

/* Begin PBXVariantGroup section */
		652584341E1678F90047D225 /* Main.storyboard */ = {
			isa = PBXVariantGroup;
			children = (
				652584351E1678F90047D225 /* Base */,
			);
			name = Main.storyboard;
			sourceTree = "<group>";
		};
		6525843C1E1678F90047D225 /* LaunchScreen.storyboard */ = {
			isa = PBXVariantGroup;
			children = (
				6525843D1E1678F90047D225 /* Base */,
			);
			name = LaunchScreen.storyboard;
			sourceTree = "<group>";
		};
/* End PBXVariantGroup section */

/* Begin XCBuildConfiguration section */
		652584401E1678F90047D225 /* Debug */ = {
			isa = XCBuildConfiguration;
			buildSettings = {
				ALWAYS_SEARCH_USER_PATHS = NO;
				CLANG_ANALYZER_NONNULL = YES;
				CLANG_CXX_LANGUAGE_STANDARD = "gnu++0x";
				CLANG_CXX_LIBRARY = "libc++";
				CLANG_ENABLE_MODULES = YES;
				CLANG_ENABLE_OBJC_ARC = YES;
				CLANG_WARN_BOOL_CONVERSION = YES;
				CLANG_WARN_CONSTANT_CONVERSION = YES;
				CLANG_WARN_DIRECT_OBJC_ISA_USAGE = YES_ERROR;
				CLANG_WARN_DOCUMENTATION_COMMENTS = YES;
				CLANG_WARN_EMPTY_BODY = YES;
				CLANG_WARN_ENUM_CONVERSION = YES;
				CLANG_WARN_INFINITE_RECURSION = YES;
				CLANG_WARN_INT_CONVERSION = YES;
				CLANG_WARN_OBJC_ROOT_CLASS = YES_ERROR;
				CLANG_WARN_SUSPICIOUS_MOVE = YES;
				CLANG_WARN_UNREACHABLE_CODE = YES;
				CLANG_WARN__DUPLICATE_METHOD_MATCH = YES;
				"CODE_SIGN_IDENTITY[sdk=iphoneos*]" = "iPhone Developer";
				COPY_PHASE_STRIP = NO;
				DEBUG_INFORMATION_FORMAT = dwarf;
				ENABLE_STRICT_OBJC_MSGSEND = YES;
				ENABLE_TESTABILITY = YES;
				GCC_C_LANGUAGE_STANDARD = gnu99;
				GCC_DYNAMIC_NO_PIC = NO;
				GCC_NO_COMMON_BLOCKS = YES;
				GCC_OPTIMIZATION_LEVEL = 0;
				GCC_PREPROCESSOR_DEFINITIONS = (
					"DEBUG=1",
					"$(inherited)",
				);
				GCC_WARN_64_TO_32_BIT_CONVERSION = YES;
				GCC_WARN_ABOUT_RETURN_TYPE = YES_ERROR;
				GCC_WARN_UNDECLARED_SELECTOR = YES;
				GCC_WARN_UNINITIALIZED_AUTOS = YES_AGGRESSIVE;
				GCC_WARN_UNUSED_FUNCTION = YES;
				GCC_WARN_UNUSED_VARIABLE = YES;
				IPHONEOS_DEPLOYMENT_TARGET = 10.2;
				MTL_ENABLE_DEBUG_INFO = YES;
				ONLY_ACTIVE_ARCH = YES;
				SDKROOT = iphoneos;
				SWIFT_ACTIVE_COMPILATION_CONDITIONS = DEBUG;
				SWIFT_OPTIMIZATION_LEVEL = "-Onone";
				TARGETED_DEVICE_FAMILY = "1,2";
			};
			name = Debug;
		};
		652584411E1678F90047D225 /* Release */ = {
			isa = XCBuildConfiguration;
			buildSettings = {
				ALWAYS_SEARCH_USER_PATHS = NO;
				CLANG_ANALYZER_NONNULL = YES;
				CLANG_CXX_LANGUAGE_STANDARD = "gnu++0x";
				CLANG_CXX_LIBRARY = "libc++";
				CLANG_ENABLE_MODULES = YES;
				CLANG_ENABLE_OBJC_ARC = YES;
				CLANG_WARN_BOOL_CONVERSION = YES;
				CLANG_WARN_CONSTANT_CONVERSION = YES;
				CLANG_WARN_DIRECT_OBJC_ISA_USAGE = YES_ERROR;
				CLANG_WARN_DOCUMENTATION_COMMENTS = YES;
				CLANG_WARN_EMPTY_BODY = YES;
				CLANG_WARN_ENUM_CONVERSION = YES;
				CLANG_WARN_INFINITE_RECURSION = YES;
				CLANG_WARN_INT_CONVERSION = YES;
				CLANG_WARN_OBJC_ROOT_CLASS = YES_ERROR;
				CLANG_WARN_SUSPICIOUS_MOVE = YES;
				CLANG_WARN_UNREACHABLE_CODE = YES;
				CLANG_WARN__DUPLICATE_METHOD_MATCH = YES;
				"CODE_SIGN_IDENTITY[sdk=iphoneos*]" = "iPhone Developer";
				COPY_PHASE_STRIP = NO;
				DEBUG_INFORMATION_FORMAT = "dwarf-with-dsym";
				ENABLE_NS_ASSERTIONS = NO;
				ENABLE_STRICT_OBJC_MSGSEND = YES;
				GCC_C_LANGUAGE_STANDARD = gnu99;
				GCC_NO_COMMON_BLOCKS = YES;
				GCC_WARN_64_TO_32_BIT_CONVERSION = YES;
				GCC_WARN_ABOUT_RETURN_TYPE = YES_ERROR;
				GCC_WARN_UNDECLARED_SELECTOR = YES;
				GCC_WARN_UNINITIALIZED_AUTOS = YES_AGGRESSIVE;
				GCC_WARN_UNUSED_FUNCTION = YES;
				GCC_WARN_UNUSED_VARIABLE = YES;
				IPHONEOS_DEPLOYMENT_TARGET = 10.2;
				MTL_ENABLE_DEBUG_INFO = NO;
				SDKROOT = iphoneos;
				SWIFT_OPTIMIZATION_LEVEL = "-Owholemodule";
				TARGETED_DEVICE_FAMILY = "1,2";
				VALIDATE_PRODUCT = YES;
			};
			name = Release;
		};
		652584431E1678F90047D225 /* Debug */ = {
			isa = XCBuildConfiguration;
			buildSettings = {
				ASSETCATALOG_COMPILER_APPICON_NAME = AppIcon;
				DEVELOPMENT_TEAM = E6GFV94F2M;
				INFOPLIST_FILE = DreamLister/Info.plist;
				LD_RUNPATH_SEARCH_PATHS = "$(inherited) @executable_path/Frameworks";
				PRODUCT_BUNDLE_IDENTIFIER = PK.DreamLister;
				PRODUCT_NAME = "$(TARGET_NAME)";
				SWIFT_VERSION = 3.0;
			};
			name = Debug;
		};
		652584441E1678F90047D225 /* Release */ = {
			isa = XCBuildConfiguration;
			buildSettings = {
				ASSETCATALOG_COMPILER_APPICON_NAME = AppIcon;
				DEVELOPMENT_TEAM = E6GFV94F2M;
				INFOPLIST_FILE = DreamLister/Info.plist;
				LD_RUNPATH_SEARCH_PATHS = "$(inherited) @executable_path/Frameworks";
				PRODUCT_BUNDLE_IDENTIFIER = PK.DreamLister;
				PRODUCT_NAME = "$(TARGET_NAME)";
				SWIFT_VERSION = 3.0;
			};
			name = Release;
		};
/* End XCBuildConfiguration section */

/* Begin XCConfigurationList section */
		652584281E1678F90047D225 /* Build configuration list for PBXProject "DreamLister" */ = {
			isa = XCConfigurationList;
			buildConfigurations = (
				652584401E1678F90047D225 /* Debug */,
				652584411E1678F90047D225 /* Release */,
			);
			defaultConfigurationIsVisible = 0;
			defaultConfigurationName = Release;
		};
		652584421E1678F90047D225 /* Build configuration list for PBXNativeTarget "DreamLister" */ = {
			isa = XCConfigurationList;
			buildConfigurations = (
				652584431E1678F90047D225 /* Debug */,
				652584441E1678F90047D225 /* Release */,
			);
			defaultConfigurationIsVisible = 0;
			defaultConfigurationName = Release;
		};
/* End XCConfigurationList section */

/* Begin XCVersionGroup section */
		652584371E1678F90047D225 /* DreamLister.xcdatamodeld */ = {
			isa = XCVersionGroup;
			children = (
				652584381E1678F90047D225 /* DreamLister.xcdatamodel */,
			);
			currentVersion = 652584381E1678F90047D225 /* DreamLister.xcdatamodel */;
			path = DreamLister.xcdatamodeld;
			sourceTree = "<group>";
			versionGroupType = wrapper.xcdatamodel;
		};
/* End XCVersionGroup section */
	};
	rootObject = 652584251E1678F90047D225 /* Project object */;
}
